
Microsoft Visual Studio Solution File, Format Version 12.00
# Visual Studio Version 17
VisualStudioVersion = 17.3.32901.215
MinimumVisualStudioVersion = 10.0.40219.1
Project("{FAE04EC0-301F-11D3-BF4B-00C04F79EFBC}") = "Web", "Web\Web.csproj", "{11CBE968-34D1-44BF-BED3-6F1CFE6FB4F1}"
EndProject
Project("{FAE04EC0-301F-11D3-BF4B-00C04F79EFBC}") = "Services", "Services\Services.csproj", "{FBEA6A9F-A890-47E0-9A77-FD116AF639BA}"
EndProject
Project("{FAE04EC0-301F-11D3-BF4B-00C04F79EFBC}") = "Abstractions", "Abstractions\Abstractions.csproj", "{EE449B5B-7212-496A-9DFE-79F9E4A6BD3A}"
EndProject
Global
	GlobalSection(SolutionConfigurationPlatforms) = preSolution
		Debug|Any CPU = Debug|Any CPU
		Release|Any CPU = Release|Any CPU
	EndGlobalSection
	GlobalSection(ProjectConfigurationPlatforms) = postSolution
		{11CBE968-34D1-44BF-BED3-6F1CFE6FB4F1}.Debug|Any CPU.ActiveCfg = Debug|Any CPU
		{11CBE968-34D1-44BF-BED3-6F1CFE6FB4F1}.Debug|Any CPU.Build.0 = Debug|Any CPU
		{11CBE968-34D1-44BF-BED3-6F1CFE6FB4F1}.Release|Any CPU.ActiveCfg = Release|Any CPU
		{11CBE968-34D1-44BF-BED3-6F1CFE6FB4F1}.Release|Any CPU.Build.0 = Release|Any CPU
		{FBEA6A9F-A890-47E0-9A77-FD116AF639BA}.Debug|Any CPU.ActiveCfg = Debug|Any CPU
		{FBEA6A9F-A890-47E0-9A77-FD116AF639BA}.Debug|Any CPU.Build.0 = Debug|Any CPU
		{FBEA6A9F-A890-47E0-9A77-FD116AF639BA}.Release|Any CPU.ActiveCfg = Release|Any CPU
		{FBEA6A9F-A890-47E0-9A77-FD116AF639BA}.Release|Any CPU.Build.0 = Release|Any CPU
		{EE449B5B-7212-496A-9DFE-79F9E4A6BD3A}.Debug|Any CPU.ActiveCfg = Debug|Any CPU
		{EE449B5B-7212-496A-9DFE-79F9E4A6BD3A}.Debug|Any CPU.Build.0 = Debug|Any CPU
		{EE449B5B-7212-496A-9DFE-79F9E4A6BD3A}.Release|Any CPU.ActiveCfg = Release|Any CPU
		{EE449B5B-7212-496A-9DFE-79F9E4A6BD3A}.Release|Any CPU.Build.0 = Release|Any CPU
	EndGlobalSection
	GlobalSection(SolutionProperties) = preSolution
		HideSolutionNode = FALSE
	EndGlobalSection
	GlobalSection(ExtensibilityGlobals) = postSolution
		SolutionGuid = {0F6D3796-4CAE-476D-8BF3-911E1B898F06}
	EndGlobalSection
EndGlobal
